// !$*UTF8*$!
{
	archiveVersion = 1;
	classes = {
	};
	objectVersion = 56;
	objects = {

/* Begin PBXBuildFile section */
		B41024E32A97D612004BEDFB /* ViewModel.swift in Sources */ = {isa = PBXBuildFile; fileRef = B41024E22A97D612004BEDFB /* ViewModel.swift */; };
		B41024E62A97D6A9004BEDFB /* ExperienceModule.swift in Sources */ = {isa = PBXBuildFile; fileRef = B41024E52A97D6A9004BEDFB /* ExperienceModule.swift */; };
		B41024E82A97D706004BEDFB /* HotSpotData.swift in Sources */ = {isa = PBXBuildFile; fileRef = B41024E72A97D706004BEDFB /* HotSpotData.swift */; };
		B4290F592A9641E000102EA2 /* RealityKitContent in Frameworks */ = {isa = PBXBuildFile; productRef = B4290F582A9641E000102EA2 /* RealityKitContent */; };
		B4290F5B2A9641E000102EA2 /* PathfinderV3App.swift in Sources */ = {isa = PBXBuildFile; fileRef = B4290F5A2A9641E000102EA2 /* PathfinderV3App.swift */; };
		B4290F5D2A9641E000102EA2 /* ContentView.swift in Sources */ = {isa = PBXBuildFile; fileRef = B4290F5C2A9641E000102EA2 /* ContentView.swift */; };
		B4290F5F2A9641E000102EA2 /* ImmersiveView.swift in Sources */ = {isa = PBXBuildFile; fileRef = B4290F5E2A9641E000102EA2 /* ImmersiveView.swift */; };
		B4290F612A9641E200102EA2 /* Assets.xcassets in Resources */ = {isa = PBXBuildFile; fileRef = B4290F602A9641E200102EA2 /* Assets.xcassets */; };
		B4290F642A9641E200102EA2 /* Preview Assets.xcassets in Resources */ = {isa = PBXBuildFile; fileRef = B4290F632A9641E200102EA2 /* Preview Assets.xcassets */; };
		B4290F6D2A96436100102EA2 /* MainWindowView.swift in Sources */ = {isa = PBXBuildFile; fileRef = B4290F6C2A96436100102EA2 /* MainWindowView.swift */; };
		B4290F6F2A96445A00102EA2 /* TabMenuView.swift in Sources */ = {isa = PBXBuildFile; fileRef = B4290F6E2A96445A00102EA2 /* TabMenuView.swift */; };
/* End PBXBuildFile section */

/* Begin PBXFileReference section */
		B41024E22A97D612004BEDFB /* ViewModel.swift */ = {isa = PBXFileReference; lastKnownFileType = sourcecode.swift; path = ViewModel.swift; sourceTree = "<group>"; };
		B41024E52A97D6A9004BEDFB /* ExperienceModule.swift */ = {isa = PBXFileReference; lastKnownFileType = sourcecode.swift; path = ExperienceModule.swift; sourceTree = "<group>"; };
		B41024E72A97D706004BEDFB /* HotSpotData.swift */ = {isa = PBXFileReference; lastKnownFileType = sourcecode.swift; path = HotSpotData.swift; sourceTree = "<group>"; };
		B4290F532A9641E000102EA2 /* PathfinderV3.app */ = {isa = PBXFileReference; explicitFileType = wrapper.application; includeInIndex = 0; path = PathfinderV3.app; sourceTree = BUILT_PRODUCTS_DIR; };
		B4290F572A9641E000102EA2 /* RealityKitContent */ = {isa = PBXFileReference; lastKnownFileType = wrapper; path = RealityKitContent; sourceTree = "<group>"; };
		B4290F5A2A9641E000102EA2 /* PathfinderV3App.swift */ = {isa = PBXFileReference; lastKnownFileType = sourcecode.swift; path = PathfinderV3App.swift; sourceTree = "<group>"; };
		B4290F5C2A9641E000102EA2 /* ContentView.swift */ = {isa = PBXFileReference; lastKnownFileType = sourcecode.swift; path = ContentView.swift; sourceTree = "<group>"; };
		B4290F5E2A9641E000102EA2 /* ImmersiveView.swift */ = {isa = PBXFileReference; lastKnownFileType = sourcecode.swift; path = ImmersiveView.swift; sourceTree = "<group>"; };
		B4290F602A9641E200102EA2 /* Assets.xcassets */ = {isa = PBXFileReference; lastKnownFileType = folder.assetcatalog; path = Assets.xcassets; sourceTree = "<group>"; };
		B4290F632A9641E200102EA2 /* Preview Assets.xcassets */ = {isa = PBXFileReference; lastKnownFileType = folder.assetcatalog; path = "Preview Assets.xcassets"; sourceTree = "<group>"; };
		B4290F652A9641E200102EA2 /* Info.plist */ = {isa = PBXFileReference; lastKnownFileType = text.plist.xml; path = Info.plist; sourceTree = "<group>"; };
		B4290F6C2A96436100102EA2 /* MainWindowView.swift */ = {isa = PBXFileReference; lastKnownFileType = sourcecode.swift; path = MainWindowView.swift; sourceTree = "<group>"; };
		B4290F6E2A96445A00102EA2 /* TabMenuView.swift */ = {isa = PBXFileReference; lastKnownFileType = sourcecode.swift; path = TabMenuView.swift; sourceTree = "<group>"; };
/* End PBXFileReference section */

/* Begin PBXFrameworksBuildPhase section */
		B4290F502A9641E000102EA2 /* Frameworks */ = {
			isa = PBXFrameworksBuildPhase;
			buildActionMask = 2147483647;
			files = (
				B4290F592A9641E000102EA2 /* RealityKitContent in Frameworks */,
			);
			runOnlyForDeploymentPostprocessing = 0;
		};
/* End PBXFrameworksBuildPhase section */

/* Begin PBXGroup section */
		B41024E42A97D618004BEDFB /* Data */ = {
			isa = PBXGroup;
			children = (
				B41024E22A97D612004BEDFB /* ViewModel.swift */,
				B41024E52A97D6A9004BEDFB /* ExperienceModule.swift */,
				B41024E72A97D706004BEDFB /* HotSpotData.swift */,
			);
			path = Data;
			sourceTree = "<group>";
		};
		B4290F4A2A9641E000102EA2 = {
			isa = PBXGroup;
			children = (
				B4290F552A9641E000102EA2 /* PathfinderV3 */,
				B4290F562A9641E000102EA2 /* Packages */,
				B4290F542A9641E000102EA2 /* Products */,
			);
			sourceTree = "<group>";
		};
		B4290F542A9641E000102EA2 /* Products */ = {
			isa = PBXGroup;
			children = (
				B4290F532A9641E000102EA2 /* PathfinderV3.app */,
			);
			name = Products;
			sourceTree = "<group>";
		};
		B4290F552A9641E000102EA2 /* PathfinderV3 */ = {
			isa = PBXGroup;
			children = (
				B4290F5A2A9641E000102EA2 /* PathfinderV3App.swift */,
				B4290F6E2A96445A00102EA2 /* TabMenuView.swift */,
				B4290F6C2A96436100102EA2 /* MainWindowView.swift */,
				B41024E42A97D618004BEDFB /* Data */,
				B4290F6B2A96432B00102EA2 /* OLD VIEWS */,
				B4290F602A9641E200102EA2 /* Assets.xcassets */,
				B4290F652A9641E200102EA2 /* Info.plist */,
				B4290F622A9641E200102EA2 /* Preview Content */,
			);
			path = PathfinderV3;
			sourceTree = "<group>";
		};
		B4290F562A9641E000102EA2 /* Packages */ = {
			isa = PBXGroup;
			children = (
				B4290F572A9641E000102EA2 /* RealityKitContent */,
			);
			path = Packages;
			sourceTree = "<group>";
		};
		B4290F622A9641E200102EA2 /* Preview Content */ = {
			isa = PBXGroup;
			children = (
				B4290F632A9641E200102EA2 /* Preview Assets.xcassets */,
			);
			path = "Preview Content";
			sourceTree = "<group>";
		};
		B4290F6B2A96432B00102EA2 /* OLD VIEWS */ = {
			isa = PBXGroup;
			children = (
				B4290F5C2A9641E000102EA2 /* ContentView.swift */,
				B4290F5E2A9641E000102EA2 /* ImmersiveView.swift */,
			);
			path = "OLD VIEWS";
			sourceTree = "<group>";
		};
/* End PBXGroup section */

/* Begin PBXNativeTarget section */
		B4290F522A9641E000102EA2 /* PathfinderV3 */ = {
			isa = PBXNativeTarget;
			buildConfigurationList = B4290F682A9641E200102EA2 /* Build configuration list for PBXNativeTarget "PathfinderV3" */;
			buildPhases = (
				B4290F4F2A9641E000102EA2 /* Sources */,
				B4290F502A9641E000102EA2 /* Frameworks */,
				B4290F512A9641E000102EA2 /* Resources */,
			);
			buildRules = (
			);
			dependencies = (
			);
			name = PathfinderV3;
			packageProductDependencies = (
				B4290F582A9641E000102EA2 /* RealityKitContent */,
			);
			productName = PathfinderV3;
			productReference = B4290F532A9641E000102EA2 /* PathfinderV3.app */;
			productType = "com.apple.product-type.application";
		};
/* End PBXNativeTarget section */

/* Begin PBXProject section */
		B4290F4B2A9641E000102EA2 /* Project object */ = {
			isa = PBXProject;
			attributes = {
				BuildIndependentTargetsInParallel = 1;
				LastSwiftUpdateCheck = 1500;
				LastUpgradeCheck = 1500;
				TargetAttributes = {
					B4290F522A9641E000102EA2 = {
						CreatedOnToolsVersion = 15.0;
					};
				};
			};
			buildConfigurationList = B4290F4E2A9641E000102EA2 /* Build configuration list for PBXProject "PathfinderV3" */;
			compatibilityVersion = "Xcode 14.0";
			developmentRegion = en;
			hasScannedForEncodings = 0;
			knownRegions = (
				en,
				Base,
			);
			mainGroup = B4290F4A2A9641E000102EA2;
			productRefGroup = B4290F542A9641E000102EA2 /* Products */;
			projectDirPath = "";
			projectRoot = "";
			targets = (
				B4290F522A9641E000102EA2 /* PathfinderV3 */,
			);
		};
/* End PBXProject section */

/* Begin PBXResourcesBuildPhase section */
		B4290F512A9641E000102EA2 /* Resources */ = {
			isa = PBXResourcesBuildPhase;
			buildActionMask = 2147483647;
			files = (
				B4290F642A9641E200102EA2 /* Preview Assets.xcassets in Resources */,
				B4290F612A9641E200102EA2 /* Assets.xcassets in Resources */,
			);
			runOnlyForDeploymentPostprocessing = 0;
		};
/* End PBXResourcesBuildPhase section */

/* Begin PBXSourcesBuildPhase section */
		B4290F4F2A9641E000102EA2 /* Sources */ = {
			isa = PBXSourcesBuildPhase;
			buildActionMask = 2147483647;
			files = (
				B4290F5D2A9641E000102EA2 /* ContentView.swift in Sources */,
				B4290F5B2A9641E000102EA2 /* PathfinderV3App.swift in Sources */,
				B4290F5F2A9641E000102EA2 /* ImmersiveView.swift in Sources */,
				B4290F6F2A96445A00102EA2 /* TabMenuView.swift in Sources */,
				B4290F6D2A96436100102EA2 /* MainWindowView.swift in Sources */,
				B41024E32A97D612004BEDFB /* ViewModel.swift in Sources */,
				B41024E62A97D6A9004BEDFB /* ExperienceModule.swift in Sources */,
				B41024E82A97D706004BEDFB /* HotSpotData.swift in Sources */,
			);
			runOnlyForDeploymentPostprocessing = 0;
		};
/* End PBXSourcesBuildPhase section */

/* Begin XCBuildConfiguration section */
		B4290F662A9641E200102EA2 /* Debug */ = {
			isa = XCBuildConfiguration;
			buildSettings = {
				ALWAYS_SEARCH_USER_PATHS = NO;
				ASSETCATALOG_COMPILER_GENERATE_SWIFT_ASSET_SYMBOL_EXTENSIONS = YES;
				CLANG_ANALYZER_NONNULL = YES;
				CLANG_ANALYZER_NUMBER_OBJECT_CONVERSION = YES_AGGRESSIVE;
				CLANG_CXX_LANGUAGE_STANDARD = "gnu++20";
				CLANG_ENABLE_MODULES = YES;
				CLANG_ENABLE_OBJC_ARC = YES;
				CLANG_ENABLE_OBJC_WEAK = YES;
				CLANG_WARN_BLOCK_CAPTURE_AUTORELEASING = YES;
				CLANG_WARN_BOOL_CONVERSION = YES;
				CLANG_WARN_COMMA = YES;
				CLANG_WARN_CONSTANT_CONVERSION = YES;
				CLANG_WARN_DEPRECATED_OBJC_IMPLEMENTATIONS = YES;
				CLANG_WARN_DIRECT_OBJC_ISA_USAGE = YES_ERROR;
				CLANG_WARN_DOCUMENTATION_COMMENTS = YES;
				CLANG_WARN_EMPTY_BODY = YES;
				CLANG_WARN_ENUM_CONVERSION = YES;
				CLANG_WARN_INFINITE_RECURSION = YES;
				CLANG_WARN_INT_CONVERSION = YES;
				CLANG_WARN_NON_LITERAL_NULL_CONVERSION = YES;
				CLANG_WARN_OBJC_IMPLICIT_RETAIN_SELF = YES;
				CLANG_WARN_OBJC_LITERAL_CONVERSION = YES;
				CLANG_WARN_OBJC_ROOT_CLASS = YES_ERROR;
				CLANG_WARN_QUOTED_INCLUDE_IN_FRAMEWORK_HEADER = YES;
				CLANG_WARN_RANGE_LOOP_ANALYSIS = YES;
				CLANG_WARN_STRICT_PROTOTYPES = YES;
				CLANG_WARN_SUSPICIOUS_MOVE = YES;
				CLANG_WARN_UNGUARDED_AVAILABILITY = YES_AGGRESSIVE;
				CLANG_WARN_UNREACHABLE_CODE = YES;
				CLANG_WARN__DUPLICATE_METHOD_MATCH = YES;
				COPY_PHASE_STRIP = NO;
				DEBUG_INFORMATION_FORMAT = dwarf;
				ENABLE_STRICT_OBJC_MSGSEND = YES;
				ENABLE_TESTABILITY = YES;
				ENABLE_USER_SCRIPT_SANDBOXING = YES;
				GCC_C_LANGUAGE_STANDARD = gnu17;
				GCC_DYNAMIC_NO_PIC = NO;
				GCC_NO_COMMON_BLOCKS = YES;
				GCC_OPTIMIZATION_LEVEL = 0;
				GCC_PREPROCESSOR_DEFINITIONS = (
					"DEBUG=1",
					"$(inherited)",
				);
				GCC_WARN_64_TO_32_BIT_CONVERSION = YES;
				GCC_WARN_ABOUT_RETURN_TYPE = YES_ERROR;
				GCC_WARN_UNDECLARED_SELECTOR = YES;
				GCC_WARN_UNINITIALIZED_AUTOS = YES_AGGRESSIVE;
				GCC_WARN_UNUSED_FUNCTION = YES;
				GCC_WARN_UNUSED_VARIABLE = YES;
				LOCALIZATION_PREFERS_STRING_CATALOGS = YES;
				MTL_ENABLE_DEBUG_INFO = INCLUDE_SOURCE;
				MTL_FAST_MATH = YES;
				ONLY_ACTIVE_ARCH = YES;
				SDKROOT = xros;
				SWIFT_ACTIVE_COMPILATION_CONDITIONS = "DEBUG $(inherited)";
				SWIFT_OPTIMIZATION_LEVEL = "-Onone";
				XROS_DEPLOYMENT_TARGET = 1.0;
			};
			name = Debug;
		};
		B4290F672A9641E200102EA2 /* Release */ = {
			isa = XCBuildConfiguration;
			buildSettings = {
				ALWAYS_SEARCH_USER_PATHS = NO;
				ASSETCATALOG_COMPILER_GENERATE_SWIFT_ASSET_SYMBOL_EXTENSIONS = YES;
				CLANG_ANALYZER_NONNULL = YES;
				CLANG_ANALYZER_NUMBER_OBJECT_CONVERSION = YES_AGGRESSIVE;
				CLANG_CXX_LANGUAGE_STANDARD = "gnu++20";
				CLANG_ENABLE_MODULES = YES;
				CLANG_ENABLE_OBJC_ARC = YES;
				CLANG_ENABLE_OBJC_WEAK = YES;
				CLANG_WARN_BLOCK_CAPTURE_AUTORELEASING = YES;
				CLANG_WARN_BOOL_CONVERSION = YES;
				CLANG_WARN_COMMA = YES;
				CLANG_WARN_CONSTANT_CONVERSION = YES;
				CLANG_WARN_DEPRECATED_OBJC_IMPLEMENTATIONS = YES;
				CLANG_WARN_DIRECT_OBJC_ISA_USAGE = YES_ERROR;
				CLANG_WARN_DOCUMENTATION_COMMENTS = YES;
				CLANG_WARN_EMPTY_BODY = YES;
				CLANG_WARN_ENUM_CONVERSION = YES;
				CLANG_WARN_INFINITE_RECURSION = YES;
				CLANG_WARN_INT_CONVERSION = YES;
				CLANG_WARN_NON_LITERAL_NULL_CONVERSION = YES;
				CLANG_WARN_OBJC_IMPLICIT_RETAIN_SELF = YES;
				CLANG_WARN_OBJC_LITERAL_CONVERSION = YES;
				CLANG_WARN_OBJC_ROOT_CLASS = YES_ERROR;
				CLANG_WARN_QUOTED_INCLUDE_IN_FRAMEWORK_HEADER = YES;
				CLANG_WARN_RANGE_LOOP_ANALYSIS = YES;
				CLANG_WARN_STRICT_PROTOTYPES = YES;
				CLANG_WARN_SUSPICIOUS_MOVE = YES;
				CLANG_WARN_UNGUARDED_AVAILABILITY = YES_AGGRESSIVE;
				CLANG_WARN_UNREACHABLE_CODE = YES;
				CLANG_WARN__DUPLICATE_METHOD_MATCH = YES;
				COPY_PHASE_STRIP = NO;
				DEBUG_INFORMATION_FORMAT = "dwarf-with-dsym";
				ENABLE_NS_ASSERTIONS = NO;
				ENABLE_STRICT_OBJC_MSGSEND = YES;
				ENABLE_USER_SCRIPT_SANDBOXING = YES;
				GCC_C_LANGUAGE_STANDARD = gnu17;
				GCC_NO_COMMON_BLOCKS = YES;
				GCC_WARN_64_TO_32_BIT_CONVERSION = YES;
				GCC_WARN_ABOUT_RETURN_TYPE = YES_ERROR;
				GCC_WARN_UNDECLARED_SELECTOR = YES;
				GCC_WARN_UNINITIALIZED_AUTOS = YES_AGGRESSIVE;
				GCC_WARN_UNUSED_FUNCTION = YES;
				GCC_WARN_UNUSED_VARIABLE = YES;
				LOCALIZATION_PREFERS_STRING_CATALOGS = YES;
				MTL_ENABLE_DEBUG_INFO = NO;
				MTL_FAST_MATH = YES;
				SDKROOT = xros;
				SWIFT_COMPILATION_MODE = wholemodule;
				VALIDATE_PRODUCT = YES;
				XROS_DEPLOYMENT_TARGET = 1.0;
			};
			name = Release;
		};
		B4290F692A9641E200102EA2 /* Debug */ = {
			isa = XCBuildConfiguration;
			buildSettings = {
				ASSETCATALOG_COMPILER_APPICON_NAME = AppIcon;
				ASSETCATALOG_COMPILER_GLOBAL_ACCENT_COLOR_NAME = AccentColor;
				CODE_SIGN_STYLE = Automatic;
				CURRENT_PROJECT_VERSION = 1;
				DEVELOPMENT_ASSET_PATHS = "\"PathfinderV3/Preview Content\"";
				DEVELOPMENT_TEAM = 6R7D5U33PL;
				ENABLE_PREVIEWS = YES;
				GENERATE_INFOPLIST_FILE = YES;
				INFOPLIST_FILE = "$(TARGET_NAME)/Info.plist";
				LD_RUNPATH_SEARCH_PATHS = (
					"$(inherited)",
					"@executable_path/Frameworks",
				);
				MARKETING_VERSION = 1.0;
				PRODUCT_BUNDLE_IDENTIFIER = com.dictionAR.PathfinderV3;
				PRODUCT_NAME = "$(TARGET_NAME)";
				SUPPORTED_PLATFORMS = "xros xrsimulator";
				SWIFT_EMIT_LOC_STRINGS = YES;
				SWIFT_VERSION = 5.0;
				TARGETED_DEVICE_FAMILY = "1,2,7";
			};
			name = Debug;
		};
		B4290F6A2A9641E200102EA2 /* Release */ = {
			isa = XCBuildConfiguration;
			buildSettings = {
				ASSETCATALOG_COMPILER_APPICON_NAME = AppIcon;
				ASSETCATALOG_COMPILER_GLOBAL_ACCENT_COLOR_NAME = AccentColor;
				CODE_SIGN_STYLE = Automatic;
				CURRENT_PROJECT_VERSION = 1;
				DEVELOPMENT_ASSET_PATHS = "\"PathfinderV3/Preview Content\"";
				DEVELOPMENT_TEAM = 6R7D5U33PL;
				ENABLE_PREVIEWS = YES;
				GENERATE_INFOPLIST_FILE = YES;
				INFOPLIST_FILE = "$(TARGET_NAME)/Info.plist";
				LD_RUNPATH_SEARCH_PATHS = (
					"$(inherited)",
					"@executable_path/Frameworks",
				);
				MARKETING_VERSION = 1.0;
				PRODUCT_BUNDLE_IDENTIFIER = com.dictionAR.PathfinderV3;
				PRODUCT_NAME = "$(TARGET_NAME)";
				SUPPORTED_PLATFORMS = "xros xrsimulator";
				SWIFT_EMIT_LOC_STRINGS = YES;
				SWIFT_VERSION = 5.0;
				TARGETED_DEVICE_FAMILY = "1,2,7";
			};
			name = Release;
		};
/* End XCBuildConfiguration section */

/* Begin XCConfigurationList section */
		B4290F4E2A9641E000102EA2 /* Build configuration list for PBXProject "PathfinderV3" */ = {
			isa = XCConfigurationList;
			buildConfigurations = (
				B4290F662A9641E200102EA2 /* Debug */,
				B4290F672A9641E200102EA2 /* Release */,
			);
			defaultConfigurationIsVisible = 0;
			defaultConfigurationName = Release;
		};
		B4290F682A9641E200102EA2 /* Build configuration list for PBXNativeTarget "PathfinderV3" */ = {
			isa = XCConfigurationList;
			buildConfigurations = (
				B4290F692A9641E200102EA2 /* Debug */,
				B4290F6A2A9641E200102EA2 /* Release */,
			);
			defaultConfigurationIsVisible = 0;
			defaultConfigurationName = Release;
		};
/* End XCConfigurationList section */

/* Begin XCSwiftPackageProductDependency section */
		B4290F582A9641E000102EA2 /* RealityKitContent */ = {
			isa = XCSwiftPackageProductDependency;
			productName = RealityKitContent;
		};
/* End XCSwiftPackageProductDependency section */
	};
	rootObject = B4290F4B2A9641E000102EA2 /* Project object */;
}
